
Microsoft Visual Studio Solution File, Format Version 12.00
# Visual Studio Version 17
VisualStudioVersion = 17.7.34031.279
MinimumVisualStudioVersion = 10.0.40219.1
Project("{9A19103F-16F7-4668-BE54-9A1E7A4F7556}") = "Wex1.Elephant.Logger.Core", "Wex1.Elephant.Logger.Core\Wex1.Elephant.Logger.Core.csproj", "{1AE9E1B1-89BE-4CF5-9583-A48BBBCDFACF}"
EndProject
Project("{9A19103F-16F7-4668-BE54-9A1E7A4F7556}") = "Wex1.Elephant.Liveviewer", "Wex1.Elephant.Liveviewer\Wex1.Elephant.Liveviewer.csproj", "{AA09F53C-1218-41E5-9126-10031E76F3E5}"
EndProject
Global
	GlobalSection(SolutionConfigurationPlatforms) = preSolution
		Debug|Any CPU = Debug|Any CPU
		Release|Any CPU = Release|Any CPU
	EndGlobalSection
	GlobalSection(ProjectConfigurationPlatforms) = postSolution
		{1AE9E1B1-89BE-4CF5-9583-A48BBBCDFACF}.Debug|Any CPU.ActiveCfg = Debug|Any CPU
		{1AE9E1B1-89BE-4CF5-9583-A48BBBCDFACF}.Debug|Any CPU.Build.0 = Debug|Any CPU
		{1AE9E1B1-89BE-4CF5-9583-A48BBBCDFACF}.Release|Any CPU.ActiveCfg = Release|Any CPU
		{1AE9E1B1-89BE-4CF5-9583-A48BBBCDFACF}.Release|Any CPU.Build.0 = Release|Any CPU
		{AA09F53C-1218-41E5-9126-10031E76F3E5}.Debug|Any CPU.ActiveCfg = Debug|Any CPU
		{AA09F53C-1218-41E5-9126-10031E76F3E5}.Debug|Any CPU.Build.0 = Debug|Any CPU
		{AA09F53C-1218-41E5-9126-10031E76F3E5}.Release|Any CPU.ActiveCfg = Release|Any CPU
		{AA09F53C-1218-41E5-9126-10031E76F3E5}.Release|Any CPU.Build.0 = Release|Any CPU
	EndGlobalSection
	GlobalSection(SolutionProperties) = preSolution
		HideSolutionNode = FALSE
	EndGlobalSection
	GlobalSection(ExtensibilityGlobals) = postSolution
		SolutionGuid = {A52176B8-8444-424D-B75F-1549B144B4B6}
	EndGlobalSection
EndGlobal
